
Microsoft Visual Studio Solution File, Format Version 12.00
# Visual Studio 15
VisualStudioVersion = 15.0.28307.1082
MinimumVisualStudioVersion = 10.0.40219.1
Project("{8BC9CEB8-8B4A-11D0-8D11-00A0C91BC942}") = "Help", "Help\Help.vcxproj", "{E33A1336-1E4B-4095-B0DE-4471378BC905}"
EndProject
Global
	GlobalSection(SolutionConfigurationPlatforms) = preSolution
		Debug|x64 = Debug|x64
		Debug|x86 = Debug|x86
		Release|x64 = Release|x64
		Release|x86 = Release|x86
	EndGlobalSection
	GlobalSection(ProjectConfigurationPlatforms) = postSolution
		{E33A1336-1E4B-4095-B0DE-4471378BC905}.Debug|x64.ActiveCfg = Debug|x64
		{E33A1336-1E4B-4095-B0DE-4471378BC905}.Debug|x64.Build.0 = Debug|x64
		{E33A1336-1E4B-4095-B0DE-4471378BC905}.Debug|x86.ActiveCfg = Debug|Win32
		{E33A1336-1E4B-4095-B0DE-4471378BC905}.Debug|x86.Build.0 = Debug|Win32
		{E33A1336-1E4B-4095-B0DE-4471378BC905}.Release|x64.ActiveCfg = Release|x64
		{E33A1336-1E4B-4095-B0DE-4471378BC905}.Release|x64.Build.0 = Release|x64
		{E33A1336-1E4B-4095-B0DE-4471378BC905}.Release|x86.ActiveCfg = Release|Win32
		{E33A1336-1E4B-4095-B0DE-4471378BC905}.Release|x86.Build.0 = Release|Win32
	EndGlobalSection
	GlobalSection(SolutionProperties) = preSolution
		HideSolutionNode = FALSE
	EndGlobalSection
	GlobalSection(ExtensibilityGlobals) = postSolution
		SolutionGuid = {D2A4E782-B863-442F-AAA9-28DD6FE021F0}
	EndGlobalSection
EndGlobal
